
Microsoft Visual Studio Solution File, Format Version 12.00
# Visual Studio 14
VisualStudioVersion = 14.0.24720.0
MinimumVisualStudioVersion = 10.0.40219.1
Project("{2150E333-8FDC-42A3-9474-1A3956D46DE8}") = "01 App", "01 App", "{3ECAEC35-E6B9-4A1C-9688-202ACB199AAD}"
EndProject
Project("{2150E333-8FDC-42A3-9474-1A3956D46DE8}") = "02 Service", "02 Service", "{BD4B9EAA-5A9E-47EA-A88D-2EE70CAC6208}"
EndProject
Project("{2150E333-8FDC-42A3-9474-1A3956D46DE8}") = "03 Repository", "03 Repository", "{06A20181-BD23-4BC6-BCE1-B225C31C6380}"
EndProject
Project("{2150E333-8FDC-42A3-9474-1A3956D46DE8}") = "04 Model", "04 Model", "{EE8089FE-AB53-4FCA-AA52-D043E97A45C5}"
EndProject
Project("{FAE04EC0-301F-11D3-BF4B-00C04F79EFBC}") = "PhoneChai.Model", "PhoneChai.Model\PhoneChai.Model.csproj", "{47F7D005-9193-4BA7-B913-E5BA390EEEC1}"
EndProject
Project("{FAE04EC0-301F-11D3-BF4B-00C04F79EFBC}") = "PhoneChai.RequestModel", "PhoneChai.RequestModel\PhoneChai.RequestModel.csproj", "{2E222FC5-C8BD-4E56-AA3F-4A38381837FC}"
EndProject
Project("{FAE04EC0-301F-11D3-BF4B-00C04F79EFBC}") = "PhoneChai.ViewModel", "PhoneChai.ViewModel\PhoneChai.ViewModel.csproj", "{E80FF5B2-AB33-473D-92A8-1DC276C58D4A}"
EndProject
Project("{FAE04EC0-301F-11D3-BF4B-00C04F79EFBC}") = "PhoneChai.Repository", "PhoneChai.Repository\PhoneChai.Repository.csproj", "{774EFAD1-AF63-402C-9DFE-E92DFF63779C}"
EndProject
Project("{FAE04EC0-301F-11D3-BF4B-00C04F79EFBC}") = "PhoneChai.Service", "PhoneChai.Service\PhoneChai.Service.csproj", "{4EAF6128-33D7-4984-9E5A-0C798288484E}"
EndProject
Project("{FAE04EC0-301F-11D3-BF4B-00C04F79EFBC}") = "PhoneChai.WebApp", "PhoneChai.WebApp\PhoneChai.WebApp.csproj", "{1BFB65BB-7F93-47AA-B69D-9B1C38373854}"
EndProject
Global
	GlobalSection(SolutionConfigurationPlatforms) = preSolution
		Debug|Any CPU = Debug|Any CPU
		Release|Any CPU = Release|Any CPU
	EndGlobalSection
	GlobalSection(ProjectConfigurationPlatforms) = postSolution
		{47F7D005-9193-4BA7-B913-E5BA390EEEC1}.Debug|Any CPU.ActiveCfg = Debug|Any CPU
		{47F7D005-9193-4BA7-B913-E5BA390EEEC1}.Debug|Any CPU.Build.0 = Debug|Any CPU
		{47F7D005-9193-4BA7-B913-E5BA390EEEC1}.Release|Any CPU.ActiveCfg = Release|Any CPU
		{47F7D005-9193-4BA7-B913-E5BA390EEEC1}.Release|Any CPU.Build.0 = Release|Any CPU
		{2E222FC5-C8BD-4E56-AA3F-4A38381837FC}.Debug|Any CPU.ActiveCfg = Debug|Any CPU
		{2E222FC5-C8BD-4E56-AA3F-4A38381837FC}.Debug|Any CPU.Build.0 = Debug|Any CPU
		{2E222FC5-C8BD-4E56-AA3F-4A38381837FC}.Release|Any CPU.ActiveCfg = Release|Any CPU
		{2E222FC5-C8BD-4E56-AA3F-4A38381837FC}.Release|Any CPU.Build.0 = Release|Any CPU
		{E80FF5B2-AB33-473D-92A8-1DC276C58D4A}.Debug|Any CPU.ActiveCfg = Debug|Any CPU
		{E80FF5B2-AB33-473D-92A8-1DC276C58D4A}.Debug|Any CPU.Build.0 = Debug|Any CPU
		{E80FF5B2-AB33-473D-92A8-1DC276C58D4A}.Release|Any CPU.ActiveCfg = Release|Any CPU
		{E80FF5B2-AB33-473D-92A8-1DC276C58D4A}.Release|Any CPU.Build.0 = Release|Any CPU
		{774EFAD1-AF63-402C-9DFE-E92DFF63779C}.Debug|Any CPU.ActiveCfg = Debug|Any CPU
		{774EFAD1-AF63-402C-9DFE-E92DFF63779C}.Debug|Any CPU.Build.0 = Debug|Any CPU
		{774EFAD1-AF63-402C-9DFE-E92DFF63779C}.Release|Any CPU.ActiveCfg = Release|Any CPU
		{774EFAD1-AF63-402C-9DFE-E92DFF63779C}.Release|Any CPU.Build.0 = Release|Any CPU
		{4EAF6128-33D7-4984-9E5A-0C798288484E}.Debug|Any CPU.ActiveCfg = Debug|Any CPU
		{4EAF6128-33D7-4984-9E5A-0C798288484E}.Debug|Any CPU.Build.0 = Debug|Any CPU
		{4EAF6128-33D7-4984-9E5A-0C798288484E}.Release|Any CPU.ActiveCfg = Release|Any CPU
		{4EAF6128-33D7-4984-9E5A-0C798288484E}.Release|Any CPU.Build.0 = Release|Any CPU
		{1BFB65BB-7F93-47AA-B69D-9B1C38373854}.Debug|Any CPU.ActiveCfg = Debug|Any CPU
		{1BFB65BB-7F93-47AA-B69D-9B1C38373854}.Debug|Any CPU.Build.0 = Debug|Any CPU
		{1BFB65BB-7F93-47AA-B69D-9B1C38373854}.Release|Any CPU.ActiveCfg = Release|Any CPU
		{1BFB65BB-7F93-47AA-B69D-9B1C38373854}.Release|Any CPU.Build.0 = Release|Any CPU
	EndGlobalSection
	GlobalSection(SolutionProperties) = preSolution
		HideSolutionNode = FALSE
	EndGlobalSection
	GlobalSection(NestedProjects) = preSolution
		{47F7D005-9193-4BA7-B913-E5BA390EEEC1} = {EE8089FE-AB53-4FCA-AA52-D043E97A45C5}
		{2E222FC5-C8BD-4E56-AA3F-4A38381837FC} = {EE8089FE-AB53-4FCA-AA52-D043E97A45C5}
		{E80FF5B2-AB33-473D-92A8-1DC276C58D4A} = {EE8089FE-AB53-4FCA-AA52-D043E97A45C5}
		{774EFAD1-AF63-402C-9DFE-E92DFF63779C} = {06A20181-BD23-4BC6-BCE1-B225C31C6380}
		{4EAF6128-33D7-4984-9E5A-0C798288484E} = {BD4B9EAA-5A9E-47EA-A88D-2EE70CAC6208}
		{1BFB65BB-7F93-47AA-B69D-9B1C38373854} = {3ECAEC35-E6B9-4A1C-9688-202ACB199AAD}
	EndGlobalSection
EndGlobal
